
Microsoft Visual Studio Solution File, Format Version 12.00
# Visual Studio 15
VisualStudioVersion = 15.0.27428.2027
MinimumVisualStudioVersion = 10.0.40219.1
Project("{9A19103F-16F7-4668-BE54-9A1E7A4F7556}") = "JSK.Domain", "JSK.Domain\JSK.Domain.csproj", "{AB00D5A2-0F50-47F5-A1F7-F387F52964BB}"
EndProject
Project("{9A19103F-16F7-4668-BE54-9A1E7A4F7556}") = "JSK.Data.EntityFramework", "JSK.Data.EntityFramework\JSK.Data.EntityFramework.csproj", "{1958EC2A-DF26-40B2-92B5-5352F03F6CDD}"
EndProject
Project("{9A19103F-16F7-4668-BE54-9A1E7A4F7556}") = "JSK.BusinessLayer", "JSK.BusinessLayer\JSK.BusinessLayer.csproj", "{080EC74D-6DB1-4980-AC8D-2896E67F9200}"
EndProject
Project("{FAE04EC0-301F-11D3-BF4B-00C04F79EFBC}") = "JSK", "JSK\JSK.csproj", "{FB632E7D-7800-4E57-95D2-20135AC05D7D}"
EndProject
Global
	GlobalSection(SolutionConfigurationPlatforms) = preSolution
		Debug|Any CPU = Debug|Any CPU
		Release|Any CPU = Release|Any CPU
	EndGlobalSection
	GlobalSection(ProjectConfigurationPlatforms) = postSolution
		{AB00D5A2-0F50-47F5-A1F7-F387F52964BB}.Debug|Any CPU.ActiveCfg = Debug|Any CPU
		{AB00D5A2-0F50-47F5-A1F7-F387F52964BB}.Debug|Any CPU.Build.0 = Debug|Any CPU
		{AB00D5A2-0F50-47F5-A1F7-F387F52964BB}.Release|Any CPU.ActiveCfg = Release|Any CPU
		{AB00D5A2-0F50-47F5-A1F7-F387F52964BB}.Release|Any CPU.Build.0 = Release|Any CPU
		{1958EC2A-DF26-40B2-92B5-5352F03F6CDD}.Debug|Any CPU.ActiveCfg = Debug|Any CPU
		{1958EC2A-DF26-40B2-92B5-5352F03F6CDD}.Debug|Any CPU.Build.0 = Debug|Any CPU
		{1958EC2A-DF26-40B2-92B5-5352F03F6CDD}.Release|Any CPU.ActiveCfg = Release|Any CPU
		{1958EC2A-DF26-40B2-92B5-5352F03F6CDD}.Release|Any CPU.Build.0 = Release|Any CPU
		{080EC74D-6DB1-4980-AC8D-2896E67F9200}.Debug|Any CPU.ActiveCfg = Debug|Any CPU
		{080EC74D-6DB1-4980-AC8D-2896E67F9200}.Debug|Any CPU.Build.0 = Debug|Any CPU
		{080EC74D-6DB1-4980-AC8D-2896E67F9200}.Release|Any CPU.ActiveCfg = Release|Any CPU
		{080EC74D-6DB1-4980-AC8D-2896E67F9200}.Release|Any CPU.Build.0 = Release|Any CPU
		{FB632E7D-7800-4E57-95D2-20135AC05D7D}.Debug|Any CPU.ActiveCfg = Debug|Any CPU
		{FB632E7D-7800-4E57-95D2-20135AC05D7D}.Debug|Any CPU.Build.0 = Debug|Any CPU
		{FB632E7D-7800-4E57-95D2-20135AC05D7D}.Release|Any CPU.ActiveCfg = Release|Any CPU
		{FB632E7D-7800-4E57-95D2-20135AC05D7D}.Release|Any CPU.Build.0 = Release|Any CPU
	EndGlobalSection
	GlobalSection(SolutionProperties) = preSolution
		HideSolutionNode = FALSE
	EndGlobalSection
	GlobalSection(ExtensibilityGlobals) = postSolution
		SolutionGuid = {3830DC1B-AC1B-4CA5-B586-2A7E034B10FA}
	EndGlobalSection
EndGlobal
